
Microsoft Visual Studio Solution File, Format Version 11.00
# Visual Studio 2010
Project("{FAE04EC0-301F-11D3-BF4B-00C04F79EFBC}") = "mCoreDemo", "mCoreDemo.csproj", "{8FC409FB-2356-4070-BD42-2635F2A1B127}"
EndProject
Global
	GlobalSection(SolutionConfigurationPlatforms) = preSolution
		Debug|Any CPU = Debug|Any CPU
		Release|Any CPU = Release|Any CPU
	EndGlobalSection
	GlobalSection(ProjectConfigurationPlatforms) = postSolution
		{8FC409FB-2356-4070-BD42-2635F2A1B127}.Debug|Any CPU.ActiveCfg = Debug|Any CPU
		{8FC409FB-2356-4070-BD42-2635F2A1B127}.Debug|Any CPU.Build.0 = Debug|Any CPU
		{8FC409FB-2356-4070-BD42-2635F2A1B127}.Release|Any CPU.ActiveCfg = Release|Any CPU
		{8FC409FB-2356-4070-BD42-2635F2A1B127}.Release|Any CPU.Build.0 = Release|Any CPU
	EndGlobalSection
	GlobalSection(SolutionProperties) = preSolution
		HideSolutionNode = FALSE
	EndGlobalSection
EndGlobal
